
Microsoft Visual Studio Solution File, Format Version 12.00
# Visual Studio 15
VisualStudioVersion = 15.0.28307.1433
MinimumVisualStudioVersion = 10.0.40219.1
Project("{8BC9CEB8-8B4A-11D0-8D11-00A0C91BC942}") = "20220706 자료구조 기초", "DataBaseKSY\DataBaseKSY.vcxproj", "{612E616E-A9F9-4A9E-84FE-9295E33EB9FA}"
EndProject
Project("{8BC9CEB8-8B4A-11D0-8D11-00A0C91BC942}") = "20220706 자료구조 구조체", "20220706 자료구조 구조체\20220706 자료구조 구조체.vcxproj", "{521D0E2D-4429-48C3-9D52-4F86E7E114D3}"
EndProject
Project("{8BC9CEB8-8B4A-11D0-8D11-00A0C91BC942}") = "20220706 자료구조 동적메모리 할당", "20220706 자료구조\20220706 자료구조.vcxproj", "{BE98973B-E9D7-4F13-B0EA-3F9DC8742434}"
EndProject
Project("{8BC9CEB8-8B4A-11D0-8D11-00A0C91BC942}") = "20220706 자료구조 함수", "20220706 자료구조 함수\20220706 자료구조 함수.vcxproj", "{344EEA38-E4AD-4460-93EB-576AD5A6A356}"
EndProject
Project("{8BC9CEB8-8B4A-11D0-8D11-00A0C91BC942}") = "20220707 자료구조 Basic1", "20220707 자료구조 Basic1\20220707 자료구조 Basic1.vcxproj", "{928D8A2B-9CBE-46E2-8975-A3601FAF599D}"
EndProject
Project("{8BC9CEB8-8B4A-11D0-8D11-00A0C91BC942}") = "20220707 자료구조 LinkedList", "20220707 자료구조 LinkedList\20220707 자료구조 LinkedList.vcxproj", "{13EE353B-7774-435A-8AAE-8E237E668C40}"
EndProject
Project("{8BC9CEB8-8B4A-11D0-8D11-00A0C91BC942}") = "20220708 자료구조 더블링크드리스트", "20220708 자료구조 더블링크드리스트\20220708 자료구조 더블링크드리스트.vcxproj", "{78EC3228-55FA-4E85-BB14-3CD46A05B82D}"
EndProject
Project("{8BC9CEB8-8B4A-11D0-8D11-00A0C91BC942}") = "20220711 환형더블링크드리스트", "20220711 환형더블링크드리스트\20220711 환형더블링크드리스트.vcxproj", "{0B7642C1-DCC7-4B81-8947-47C58D8262A6}"
EndProject
Project("{8BC9CEB8-8B4A-11D0-8D11-00A0C91BC942}") = "20220712 자료구조 스택", "20220712 자료구조 스택\20220712 자료구조 스택.vcxproj", "{C2E34FE1-7D4C-4A87-9499-55EBFA1FFC9F}"
EndProject
Project("{8BC9CEB8-8B4A-11D0-8D11-00A0C91BC942}") = "20220713 링크드리스트 스택", "20220713 더블링크드리스트 스택\20220713 더블링크드리스트 스택.vcxproj", "{5E031682-B09B-46ED-9736-9269BC0B9CEE}"
EndProject
Project("{8BC9CEB8-8B4A-11D0-8D11-00A0C91BC942}") = "20220714 사칙연산계산기", "20220714 사칙연산계산기\20220714 사칙연산계산기.vcxproj", "{A8ECF682-3279-4258-AC1E-6CBB62F7CA08}"
EndProject
Project("{8BC9CEB8-8B4A-11D0-8D11-00A0C91BC942}") = "20220715 순환 큐", "20220715 순환 큐\20220715 순환 큐.vcxproj", "{57C9D74D-C18E-4C32-BCBA-19B0E91F0319}"
EndProject
Project("{8BC9CEB8-8B4A-11D0-8D11-00A0C91BC942}") = "20220718 자료구조 링크드 큐", "20220718 자료구조 링크드 큐\20220718 자료구조 링크드 큐.vcxproj", "{8F02EF23-1342-4B8D-8389-575F836585C2}"
EndProject
Project("{8BC9CEB8-8B4A-11D0-8D11-00A0C91BC942}") = "20220719 LCRS 트리", "20220719\20220719.vcxproj", "{E4FB2689-E294-47AA-B90C-A31468432610}"
EndProject
Project("{8BC9CEB8-8B4A-11D0-8D11-00A0C91BC942}") = "20220720 재귀함수", "20220720 재귀함수\20220720 재귀함수.vcxproj", "{9558760B-E930-4C64-95F9-2B60E85054A8}"
EndProject
Project("{8BC9CEB8-8B4A-11D0-8D11-00A0C91BC942}") = "20220720 이진트리(Binary Tree)", "20220720 이진트리(Binary Tree)\20220720 이진트리(Binary Tree).vcxproj", "{32732739-DAE7-48EC-9B71-09DB4E15B226}"
EndProject
Project("{8BC9CEB8-8B4A-11D0-8D11-00A0C91BC942}") = "20220721 수식트리", "20220721 수식트리\20220721 수식트리.vcxproj", "{46DA8EE5-3077-4419-A79A-0F84F478A452}"
EndProject
Project("{8BC9CEB8-8B4A-11D0-8D11-00A0C91BC942}") = "20220722 분리집합", "20220722 분리집합\20220722 분리집합.vcxproj", "{87AE50E8-7BB4-421F-A9B4-4FEE9C65AEAC}"
EndProject
Project("{8BC9CEB8-8B4A-11D0-8D11-00A0C91BC942}") = "20220727 버블Sort", "20220727 버블Sort\20220727 버블Sort.vcxproj", "{41176E79-CBF0-47A1-8C5B-F02E048789B7}"
EndProject
Project("{8BC9CEB8-8B4A-11D0-8D11-00A0C91BC942}") = "20220727 삽입정렬", "20220727 삽입정렬\20220727 삽입정렬.vcxproj", "{63D23688-D4A7-4D7E-ABE1-F64A08E039A2}"
EndProject
Project("{8BC9CEB8-8B4A-11D0-8D11-00A0C91BC942}") = "20220728 퀵 정렬", "20220728 퀵 정렬\20220728 퀵 정렬.vcxproj", "{557EA3EA-5AAD-4EA2-8D93-B834CA1FCE43}"
EndProject
Project("{8BC9CEB8-8B4A-11D0-8D11-00A0C91BC942}") = "20220728 퀵정렬2", "20220728 퀵정렬2\20220728 퀵정렬2.vcxproj", "{19DBB177-3BEF-446C-9BFF-146E0A2799DE}"
EndProject
Project("{8BC9CEB8-8B4A-11D0-8D11-00A0C91BC942}") = "20220801 순차탐색", "20220801 순차탐색\20220801 순차탐색.vcxproj", "{78659413-7CF9-4ED3-B36B-14390BF40340}"
EndProject
Project("{8BC9CEB8-8B4A-11D0-8D11-00A0C91BC942}") = "20220803 더블링크드리스트순차탐색", "20220803 더블링크드순차탐색\20220803 더블링크드순차탐색.vcxproj", "{6E867E2D-23F8-4278-922A-CC90BEA09E1F}"
EndProject
Project("{8BC9CEB8-8B4A-11D0-8D11-00A0C91BC942}") = "20220808 알고리즘 이진탐색", "20220808 알고리즘\20220808 알고리즘.vcxproj", "{917F9C1E-E01A-48B3-A749-9D317A3B5A57}"
EndProject
Project("{8BC9CEB8-8B4A-11D0-8D11-00A0C91BC942}") = "20220812 우선순위 큐", "20220812 우선순위 큐\20220812 우선순위 큐.vcxproj", "{D72B3BA3-7DC4-42CD-8EC7-8458921BE8B6}"
EndProject
Project("{8BC9CEB8-8B4A-11D0-8D11-00A0C91BC942}") = "20220816 해시테이블", "20220816 해시테이블\20220816 해시테이블.vcxproj", "{A7DF1A4D-675C-4CBD-AC9F-E5A91F41130E}"
EndProject
Project("{8BC9CEB8-8B4A-11D0-8D11-00A0C91BC942}") = "20220817 체이닝", "20220817 체이닝\20220817 체이닝.vcxproj", "{7F220729-D524-42E5-AE2A-F80C8519769F}"
EndProject
Project("{8BC9CEB8-8B4A-11D0-8D11-00A0C91BC942}") = "20220818 개방주소법", "20220818 개방주소법\20220818 개방주소법.vcxproj", "{322790C2-50ED-439B-A2F9-B2ED02543F2A}"
EndProject
Project("{8BC9CEB8-8B4A-11D0-8D11-00A0C91BC942}") = "20220819 그래프", "20220819 그래프\20220819 그래프.vcxproj", "{6799FB97-ED61-498F-BAD1-1DCB1EBFDC8B}"
EndProject
Project("{8BC9CEB8-8B4A-11D0-8D11-00A0C91BC942}") = "20220822 인접행렬 그래프", "20220822 인접행렬 그래프\20220822 인접행렬 그래프.vcxproj", "{FF4A47F8-00DC-4F4C-9574-58F90F69A5C5}"
EndProject
Project("{8BC9CEB8-8B4A-11D0-8D11-00A0C91BC942}") = "20220822 순회 그래프", "20220822 순회 그래프\20220822 순회 그래프.vcxproj", "{1DE4BCA0-8357-4D81-8BB3-6C1D128BE2B6}"
EndProject
Project("{8BC9CEB8-8B4A-11D0-8D11-00A0C91BC942}") = "20220823 위상정렬", "20220823 위상정렬\20220823 위상정렬.vcxproj", "{2B50CDF6-28A1-41B7-8220-3D14EF7CA5B0}"
EndProject
Project("{8BC9CEB8-8B4A-11D0-8D11-00A0C91BC942}") = "20220824 최소신장트리", "20220824 최소신장트리\20220824 최소신장트리.vcxproj", "{32E385FB-9848-4896-925C-8F2E9C4D103B}"
EndProject
Project("{8BC9CEB8-8B4A-11D0-8D11-00A0C91BC942}") = "20220826 다익스트라", "20220826 다익스트라\20220826 다익스트라.vcxproj", "{349D02C7-92F7-4DEC-80EB-5D7A6B9196AA}"
EndProject
Global
	GlobalSection(SolutionConfigurationPlatforms) = preSolution
		Debug|x64 = Debug|x64
		Debug|x86 = Debug|x86
		Release|x64 = Release|x64
		Release|x86 = Release|x86
	EndGlobalSection
	GlobalSection(ProjectConfigurationPlatforms) = postSolution
		{612E616E-A9F9-4A9E-84FE-9295E33EB9FA}.Debug|x64.ActiveCfg = Debug|x64
		{612E616E-A9F9-4A9E-84FE-9295E33EB9FA}.Debug|x64.Build.0 = Debug|x64
		{612E616E-A9F9-4A9E-84FE-9295E33EB9FA}.Debug|x86.ActiveCfg = Debug|Win32
		{612E616E-A9F9-4A9E-84FE-9295E33EB9FA}.Debug|x86.Build.0 = Debug|Win32
		{612E616E-A9F9-4A9E-84FE-9295E33EB9FA}.Release|x64.ActiveCfg = Release|x64
		{612E616E-A9F9-4A9E-84FE-9295E33EB9FA}.Release|x64.Build.0 = Release|x64
		{612E616E-A9F9-4A9E-84FE-9295E33EB9FA}.Release|x86.ActiveCfg = Release|Win32
		{612E616E-A9F9-4A9E-84FE-9295E33EB9FA}.Release|x86.Build.0 = Release|Win32
		{521D0E2D-4429-48C3-9D52-4F86E7E114D3}.Debug|x64.ActiveCfg = Debug|x64
		{521D0E2D-4429-48C3-9D52-4F86E7E114D3}.Debug|x64.Build.0 = Debug|x64
		{521D0E2D-4429-48C3-9D52-4F86E7E114D3}.Debug|x86.ActiveCfg = Debug|Win32
		{521D0E2D-4429-48C3-9D52-4F86E7E114D3}.Debug|x86.Build.0 = Debug|Win32
		{521D0E2D-4429-48C3-9D52-4F86E7E114D3}.Release|x64.ActiveCfg = Release|x64
		{521D0E2D-4429-48C3-9D52-4F86E7E114D3}.Release|x64.Build.0 = Release|x64
		{521D0E2D-4429-48C3-9D52-4F86E7E114D3}.Release|x86.ActiveCfg = Release|Win32
		{521D0E2D-4429-48C3-9D52-4F86E7E114D3}.Release|x86.Build.0 = Release|Win32
		{BE98973B-E9D7-4F13-B0EA-3F9DC8742434}.Debug|x64.ActiveCfg = Debug|x64
		{BE98973B-E9D7-4F13-B0EA-3F9DC8742434}.Debug|x64.Build.0 = Debug|x64
		{BE98973B-E9D7-4F13-B0EA-3F9DC8742434}.Debug|x86.ActiveCfg = Debug|Win32
		{BE98973B-E9D7-4F13-B0EA-3F9DC8742434}.Debug|x86.Build.0 = Debug|Win32
		{BE98973B-E9D7-4F13-B0EA-3F9DC8742434}.Release|x64.ActiveCfg = Release|x64
		{BE98973B-E9D7-4F13-B0EA-3F9DC8742434}.Release|x64.Build.0 = Release|x64
		{BE98973B-E9D7-4F13-B0EA-3F9DC8742434}.Release|x86.ActiveCfg = Release|Win32
		{BE98973B-E9D7-4F13-B0EA-3F9DC8742434}.Release|x86.Build.0 = Release|Win32
		{344EEA38-E4AD-4460-93EB-576AD5A6A356}.Debug|x64.ActiveCfg = Debug|x64
		{344EEA38-E4AD-4460-93EB-576AD5A6A356}.Debug|x64.Build.0 = Debug|x64
		{344EEA38-E4AD-4460-93EB-576AD5A6A356}.Debug|x86.ActiveCfg = Debug|Win32
		{344EEA38-E4AD-4460-93EB-576AD5A6A356}.Debug|x86.Build.0 = Debug|Win32
		{344EEA38-E4AD-4460-93EB-576AD5A6A356}.Release|x64.ActiveCfg = Release|x64
		{344EEA38-E4AD-4460-93EB-576AD5A6A356}.Release|x64.Build.0 = Release|x64
		{344EEA38-E4AD-4460-93EB-576AD5A6A356}.Release|x86.ActiveCfg = Release|Win32
		{344EEA38-E4AD-4460-93EB-576AD5A6A356}.Release|x86.Build.0 = Release|Win32
		{928D8A2B-9CBE-46E2-8975-A3601FAF599D}.Debug|x64.ActiveCfg = Debug|x64
		{928D8A2B-9CBE-46E2-8975-A3601FAF599D}.Debug|x64.Build.0 = Debug|x64
		{928D8A2B-9CBE-46E2-8975-A3601FAF599D}.Debug|x86.ActiveCfg = Debug|Win32
		{928D8A2B-9CBE-46E2-8975-A3601FAF599D}.Debug|x86.Build.0 = Debug|Win32
		{928D8A2B-9CBE-46E2-8975-A3601FAF599D}.Release|x64.ActiveCfg = Release|x64
		{928D8A2B-9CBE-46E2-8975-A3601FAF599D}.Release|x64.Build.0 = Release|x64
		{928D8A2B-9CBE-46E2-8975-A3601FAF599D}.Release|x86.ActiveCfg = Release|Win32
		{928D8A2B-9CBE-46E2-8975-A3601FAF599D}.Release|x86.Build.0 = Release|Win32
		{13EE353B-7774-435A-8AAE-8E237E668C40}.Debug|x64.ActiveCfg = Debug|x64
		{13EE353B-7774-435A-8AAE-8E237E668C40}.Debug|x64.Build.0 = Debug|x64
		{13EE353B-7774-435A-8AAE-8E237E668C40}.Debug|x86.ActiveCfg = Debug|Win32
		{13EE353B-7774-435A-8AAE-8E237E668C40}.Debug|x86.Build.0 = Debug|Win32
		{13EE353B-7774-435A-8AAE-8E237E668C40}.Release|x64.ActiveCfg = Release|x64
		{13EE353B-7774-435A-8AAE-8E237E668C40}.Release|x64.Build.0 = Release|x64
		{13EE353B-7774-435A-8AAE-8E237E668C40}.Release|x86.ActiveCfg = Release|Win32
		{13EE353B-7774-435A-8AAE-8E237E668C40}.Release|x86.Build.0 = Release|Win32
		{78EC3228-55FA-4E85-BB14-3CD46A05B82D}.Debug|x64.ActiveCfg = Debug|x64
		{78EC3228-55FA-4E85-BB14-3CD46A05B82D}.Debug|x64.Build.0 = Debug|x64
		{78EC3228-55FA-4E85-BB14-3CD46A05B82D}.Debug|x86.ActiveCfg = Debug|Win32
		{78EC3228-55FA-4E85-BB14-3CD46A05B82D}.Debug|x86.Build.0 = Debug|Win32
		{78EC3228-55FA-4E85-BB14-3CD46A05B82D}.Release|x64.ActiveCfg = Release|x64
		{78EC3228-55FA-4E85-BB14-3CD46A05B82D}.Release|x64.Build.0 = Release|x64
		{78EC3228-55FA-4E85-BB14-3CD46A05B82D}.Release|x86.ActiveCfg = Release|Win32
		{78EC3228-55FA-4E85-BB14-3CD46A05B82D}.Release|x86.Build.0 = Release|Win32
		{0B7642C1-DCC7-4B81-8947-47C58D8262A6}.Debug|x64.ActiveCfg = Debug|x64
		{0B7642C1-DCC7-4B81-8947-47C58D8262A6}.Debug|x64.Build.0 = Debug|x64
		{0B7642C1-DCC7-4B81-8947-47C58D8262A6}.Debug|x86.ActiveCfg = Debug|Win32
		{0B7642C1-DCC7-4B81-8947-47C58D8262A6}.Debug|x86.Build.0 = Debug|Win32
		{0B7642C1-DCC7-4B81-8947-47C58D8262A6}.Release|x64.ActiveCfg = Release|x64
		{0B7642C1-DCC7-4B81-8947-47C58D8262A6}.Release|x64.Build.0 = Release|x64
		{0B7642C1-DCC7-4B81-8947-47C58D8262A6}.Release|x86.ActiveCfg = Release|Win32
		{0B7642C1-DCC7-4B81-8947-47C58D8262A6}.Release|x86.Build.0 = Release|Win32
		{C2E34FE1-7D4C-4A87-9499-55EBFA1FFC9F}.Debug|x64.ActiveCfg = Debug|x64
		{C2E34FE1-7D4C-4A87-9499-55EBFA1FFC9F}.Debug|x64.Build.0 = Debug|x64
		{C2E34FE1-7D4C-4A87-9499-55EBFA1FFC9F}.Debug|x86.ActiveCfg = Debug|Win32
		{C2E34FE1-7D4C-4A87-9499-55EBFA1FFC9F}.Debug|x86.Build.0 = Debug|Win32
		{C2E34FE1-7D4C-4A87-9499-55EBFA1FFC9F}.Release|x64.ActiveCfg = Release|x64
		{C2E34FE1-7D4C-4A87-9499-55EBFA1FFC9F}.Release|x64.Build.0 = Release|x64
		{C2E34FE1-7D4C-4A87-9499-55EBFA1FFC9F}.Release|x86.ActiveCfg = Release|Win32
		{C2E34FE1-7D4C-4A87-9499-55EBFA1FFC9F}.Release|x86.Build.0 = Release|Win32
		{5E031682-B09B-46ED-9736-9269BC0B9CEE}.Debug|x64.ActiveCfg = Debug|x64
		{5E031682-B09B-46ED-9736-9269BC0B9CEE}.Debug|x64.Build.0 = Debug|x64
		{5E031682-B09B-46ED-9736-9269BC0B9CEE}.Debug|x86.ActiveCfg = Debug|Win32
		{5E031682-B09B-46ED-9736-9269BC0B9CEE}.Debug|x86.Build.0 = Debug|Win32
		{5E031682-B09B-46ED-9736-9269BC0B9CEE}.Release|x64.ActiveCfg = Release|x64
		{5E031682-B09B-46ED-9736-9269BC0B9CEE}.Release|x64.Build.0 = Release|x64
		{5E031682-B09B-46ED-9736-9269BC0B9CEE}.Release|x86.ActiveCfg = Release|Win32
		{5E031682-B09B-46ED-9736-9269BC0B9CEE}.Release|x86.Build.0 = Release|Win32
		{A8ECF682-3279-4258-AC1E-6CBB62F7CA08}.Debug|x64.ActiveCfg = Debug|x64
		{A8ECF682-3279-4258-AC1E-6CBB62F7CA08}.Debug|x64.Build.0 = Debug|x64
		{A8ECF682-3279-4258-AC1E-6CBB62F7CA08}.Debug|x86.ActiveCfg = Debug|Win32
		{A8ECF682-3279-4258-AC1E-6CBB62F7CA08}.Debug|x86.Build.0 = Debug|Win32
		{A8ECF682-3279-4258-AC1E-6CBB62F7CA08}.Release|x64.ActiveCfg = Release|x64
		{A8ECF682-3279-4258-AC1E-6CBB62F7CA08}.Release|x64.Build.0 = Release|x64
		{A8ECF682-3279-4258-AC1E-6CBB62F7CA08}.Release|x86.ActiveCfg = Release|Win32
		{A8ECF682-3279-4258-AC1E-6CBB62F7CA08}.Release|x86.Build.0 = Release|Win32
		{57C9D74D-C18E-4C32-BCBA-19B0E91F0319}.Debug|x64.ActiveCfg = Debug|x64
		{57C9D74D-C18E-4C32-BCBA-19B0E91F0319}.Debug|x64.Build.0 = Debug|x64
		{57C9D74D-C18E-4C32-BCBA-19B0E91F0319}.Debug|x86.ActiveCfg = Debug|Win32
		{57C9D74D-C18E-4C32-BCBA-19B0E91F0319}.Debug|x86.Build.0 = Debug|Win32
		{57C9D74D-C18E-4C32-BCBA-19B0E91F0319}.Release|x64.ActiveCfg = Release|x64
		{57C9D74D-C18E-4C32-BCBA-19B0E91F0319}.Release|x64.Build.0 = Release|x64
		{57C9D74D-C18E-4C32-BCBA-19B0E91F0319}.Release|x86.ActiveCfg = Release|Win32
		{57C9D74D-C18E-4C32-BCBA-19B0E91F0319}.Release|x86.Build.0 = Release|Win32
		{8F02EF23-1342-4B8D-8389-575F836585C2}.Debug|x64.ActiveCfg = Debug|x64
		{8F02EF23-1342-4B8D-8389-575F836585C2}.Debug|x64.Build.0 = Debug|x64
		{8F02EF23-1342-4B8D-8389-575F836585C2}.Debug|x86.ActiveCfg = Debug|Win32
		{8F02EF23-1342-4B8D-8389-575F836585C2}.Debug|x86.Build.0 = Debug|Win32
		{8F02EF23-1342-4B8D-8389-575F836585C2}.Release|x64.ActiveCfg = Release|x64
		{8F02EF23-1342-4B8D-8389-575F836585C2}.Release|x64.Build.0 = Release|x64
		{8F02EF23-1342-4B8D-8389-575F836585C2}.Release|x86.ActiveCfg = Release|Win32
		{8F02EF23-1342-4B8D-8389-575F836585C2}.Release|x86.Build.0 = Release|Win32
		{E4FB2689-E294-47AA-B90C-A31468432610}.Debug|x64.ActiveCfg = Debug|x64
		{E4FB2689-E294-47AA-B90C-A31468432610}.Debug|x64.Build.0 = Debug|x64
		{E4FB2689-E294-47AA-B90C-A31468432610}.Debug|x86.ActiveCfg = Debug|Win32
		{E4FB2689-E294-47AA-B90C-A31468432610}.Debug|x86.Build.0 = Debug|Win32
		{E4FB2689-E294-47AA-B90C-A31468432610}.Release|x64.ActiveCfg = Release|x64
		{E4FB2689-E294-47AA-B90C-A31468432610}.Release|x64.Build.0 = Release|x64
		{E4FB2689-E294-47AA-B90C-A31468432610}.Release|x86.ActiveCfg = Release|Win32
		{E4FB2689-E294-47AA-B90C-A31468432610}.Release|x86.Build.0 = Release|Win32
		{9558760B-E930-4C64-95F9-2B60E85054A8}.Debug|x64.ActiveCfg = Debug|x64
		{9558760B-E930-4C64-95F9-2B60E85054A8}.Debug|x64.Build.0 = Debug|x64
		{9558760B-E930-4C64-95F9-2B60E85054A8}.Debug|x86.ActiveCfg = Debug|Win32
		{9558760B-E930-4C64-95F9-2B60E85054A8}.Debug|x86.Build.0 = Debug|Win32
		{9558760B-E930-4C64-95F9-2B60E85054A8}.Release|x64.ActiveCfg = Release|x64
		{9558760B-E930-4C64-95F9-2B60E85054A8}.Release|x64.Build.0 = Release|x64
		{9558760B-E930-4C64-95F9-2B60E85054A8}.Release|x86.ActiveCfg = Release|Win32
		{9558760B-E930-4C64-95F9-2B60E85054A8}.Release|x86.Build.0 = Release|Win32
		{32732739-DAE7-48EC-9B71-09DB4E15B226}.Debug|x64.ActiveCfg = Debug|x64
		{32732739-DAE7-48EC-9B71-09DB4E15B226}.Debug|x64.Build.0 = Debug|x64
		{32732739-DAE7-48EC-9B71-09DB4E15B226}.Debug|x86.ActiveCfg = Debug|Win32
		{32732739-DAE7-48EC-9B71-09DB4E15B226}.Debug|x86.Build.0 = Debug|Win32
		{32732739-DAE7-48EC-9B71-09DB4E15B226}.Release|x64.ActiveCfg = Release|x64
		{32732739-DAE7-48EC-9B71-09DB4E15B226}.Release|x64.Build.0 = Release|x64
		{32732739-DAE7-48EC-9B71-09DB4E15B226}.Release|x86.ActiveCfg = Release|Win32
		{32732739-DAE7-48EC-9B71-09DB4E15B226}.Release|x86.Build.0 = Release|Win32
		{46DA8EE5-3077-4419-A79A-0F84F478A452}.Debug|x64.ActiveCfg = Debug|x64
		{46DA8EE5-3077-4419-A79A-0F84F478A452}.Debug|x64.Build.0 = Debug|x64
		{46DA8EE5-3077-4419-A79A-0F84F478A452}.Debug|x86.ActiveCfg = Debug|Win32
		{46DA8EE5-3077-4419-A79A-0F84F478A452}.Debug|x86.Build.0 = Debug|Win32
		{46DA8EE5-3077-4419-A79A-0F84F478A452}.Release|x64.ActiveCfg = Release|x64
		{46DA8EE5-3077-4419-A79A-0F84F478A452}.Release|x64.Build.0 = Release|x64
		{46DA8EE5-3077-4419-A79A-0F84F478A452}.Release|x86.ActiveCfg = Release|Win32
		{46DA8EE5-3077-4419-A79A-0F84F478A452}.Release|x86.Build.0 = Release|Win32
		{87AE50E8-7BB4-421F-A9B4-4FEE9C65AEAC}.Debug|x64.ActiveCfg = Debug|x64
		{87AE50E8-7BB4-421F-A9B4-4FEE9C65AEAC}.Debug|x64.Build.0 = Debug|x64
		{87AE50E8-7BB4-421F-A9B4-4FEE9C65AEAC}.Debug|x86.ActiveCfg = Debug|Win32
		{87AE50E8-7BB4-421F-A9B4-4FEE9C65AEAC}.Debug|x86.Build.0 = Debug|Win32
		{87AE50E8-7BB4-421F-A9B4-4FEE9C65AEAC}.Release|x64.ActiveCfg = Release|x64
		{87AE50E8-7BB4-421F-A9B4-4FEE9C65AEAC}.Release|x64.Build.0 = Release|x64
		{87AE50E8-7BB4-421F-A9B4-4FEE9C65AEAC}.Release|x86.ActiveCfg = Release|Win32
		{87AE50E8-7BB4-421F-A9B4-4FEE9C65AEAC}.Release|x86.Build.0 = Release|Win32
		{41176E79-CBF0-47A1-8C5B-F02E048789B7}.Debug|x64.ActiveCfg = Debug|x64
		{41176E79-CBF0-47A1-8C5B-F02E048789B7}.Debug|x64.Build.0 = Debug|x64
		{41176E79-CBF0-47A1-8C5B-F02E048789B7}.Debug|x86.ActiveCfg = Debug|Win32
		{41176E79-CBF0-47A1-8C5B-F02E048789B7}.Debug|x86.Build.0 = Debug|Win32
		{41176E79-CBF0-47A1-8C5B-F02E048789B7}.Release|x64.ActiveCfg = Release|x64
		{41176E79-CBF0-47A1-8C5B-F02E048789B7}.Release|x64.Build.0 = Release|x64
		{41176E79-CBF0-47A1-8C5B-F02E048789B7}.Release|x86.ActiveCfg = Release|Win32
		{41176E79-CBF0-47A1-8C5B-F02E048789B7}.Release|x86.Build.0 = Release|Win32
		{63D23688-D4A7-4D7E-ABE1-F64A08E039A2}.Debug|x64.ActiveCfg = Debug|x64
		{63D23688-D4A7-4D7E-ABE1-F64A08E039A2}.Debug|x64.Build.0 = Debug|x64
		{63D23688-D4A7-4D7E-ABE1-F64A08E039A2}.Debug|x86.ActiveCfg = Debug|Win32
		{63D23688-D4A7-4D7E-ABE1-F64A08E039A2}.Debug|x86.Build.0 = Debug|Win32
		{63D23688-D4A7-4D7E-ABE1-F64A08E039A2}.Release|x64.ActiveCfg = Release|x64
		{63D23688-D4A7-4D7E-ABE1-F64A08E039A2}.Release|x64.Build.0 = Release|x64
		{63D23688-D4A7-4D7E-ABE1-F64A08E039A2}.Release|x86.ActiveCfg = Release|Win32
		{63D23688-D4A7-4D7E-ABE1-F64A08E039A2}.Release|x86.Build.0 = Release|Win32
		{557EA3EA-5AAD-4EA2-8D93-B834CA1FCE43}.Debug|x64.ActiveCfg = Debug|x64
		{557EA3EA-5AAD-4EA2-8D93-B834CA1FCE43}.Debug|x64.Build.0 = Debug|x64
		{557EA3EA-5AAD-4EA2-8D93-B834CA1FCE43}.Debug|x86.ActiveCfg = Debug|Win32
		{557EA3EA-5AAD-4EA2-8D93-B834CA1FCE43}.Debug|x86.Build.0 = Debug|Win32
		{557EA3EA-5AAD-4EA2-8D93-B834CA1FCE43}.Release|x64.ActiveCfg = Release|x64
		{557EA3EA-5AAD-4EA2-8D93-B834CA1FCE43}.Release|x64.Build.0 = Release|x64
		{557EA3EA-5AAD-4EA2-8D93-B834CA1FCE43}.Release|x86.ActiveCfg = Release|Win32
		{557EA3EA-5AAD-4EA2-8D93-B834CA1FCE43}.Release|x86.Build.0 = Release|Win32
		{19DBB177-3BEF-446C-9BFF-146E0A2799DE}.Debug|x64.ActiveCfg = Debug|x64
		{19DBB177-3BEF-446C-9BFF-146E0A2799DE}.Debug|x64.Build.0 = Debug|x64
		{19DBB177-3BEF-446C-9BFF-146E0A2799DE}.Debug|x86.ActiveCfg = Debug|Win32
		{19DBB177-3BEF-446C-9BFF-146E0A2799DE}.Debug|x86.Build.0 = Debug|Win32
		{19DBB177-3BEF-446C-9BFF-146E0A2799DE}.Release|x64.ActiveCfg = Release|x64
		{19DBB177-3BEF-446C-9BFF-146E0A2799DE}.Release|x64.Build.0 = Release|x64
		{19DBB177-3BEF-446C-9BFF-146E0A2799DE}.Release|x86.ActiveCfg = Release|Win32
		{19DBB177-3BEF-446C-9BFF-146E0A2799DE}.Release|x86.Build.0 = Release|Win32
		{78659413-7CF9-4ED3-B36B-14390BF40340}.Debug|x64.ActiveCfg = Debug|x64
		{78659413-7CF9-4ED3-B36B-14390BF40340}.Debug|x64.Build.0 = Debug|x64
		{78659413-7CF9-4ED3-B36B-14390BF40340}.Debug|x86.ActiveCfg = Debug|Win32
		{78659413-7CF9-4ED3-B36B-14390BF40340}.Debug|x86.Build.0 = Debug|Win32
		{78659413-7CF9-4ED3-B36B-14390BF40340}.Release|x64.ActiveCfg = Release|x64
		{78659413-7CF9-4ED3-B36B-14390BF40340}.Release|x64.Build.0 = Release|x64
		{78659413-7CF9-4ED3-B36B-14390BF40340}.Release|x86.ActiveCfg = Release|Win32
		{78659413-7CF9-4ED3-B36B-14390BF40340}.Release|x86.Build.0 = Release|Win32
		{6E867E2D-23F8-4278-922A-CC90BEA09E1F}.Debug|x64.ActiveCfg = Debug|x64
		{6E867E2D-23F8-4278-922A-CC90BEA09E1F}.Debug|x64.Build.0 = Debug|x64
		{6E867E2D-23F8-4278-922A-CC90BEA09E1F}.Debug|x86.ActiveCfg = Debug|Win32
		{6E867E2D-23F8-4278-922A-CC90BEA09E1F}.Debug|x86.Build.0 = Debug|Win32
		{6E867E2D-23F8-4278-922A-CC90BEA09E1F}.Release|x64.ActiveCfg = Release|x64
		{6E867E2D-23F8-4278-922A-CC90BEA09E1F}.Release|x64.Build.0 = Release|x64
		{6E867E2D-23F8-4278-922A-CC90BEA09E1F}.Release|x86.ActiveCfg = Release|Win32
		{6E867E2D-23F8-4278-922A-CC90BEA09E1F}.Release|x86.Build.0 = Release|Win32
		{917F9C1E-E01A-48B3-A749-9D317A3B5A57}.Debug|x64.ActiveCfg = Debug|x64
		{917F9C1E-E01A-48B3-A749-9D317A3B5A57}.Debug|x64.Build.0 = Debug|x64
		{917F9C1E-E01A-48B3-A749-9D317A3B5A57}.Debug|x86.ActiveCfg = Debug|Win32
		{917F9C1E-E01A-48B3-A749-9D317A3B5A57}.Debug|x86.Build.0 = Debug|Win32
		{917F9C1E-E01A-48B3-A749-9D317A3B5A57}.Release|x64.ActiveCfg = Release|x64
		{917F9C1E-E01A-48B3-A749-9D317A3B5A57}.Release|x64.Build.0 = Release|x64
		{917F9C1E-E01A-48B3-A749-9D317A3B5A57}.Release|x86.ActiveCfg = Release|Win32
		{917F9C1E-E01A-48B3-A749-9D317A3B5A57}.Release|x86.Build.0 = Release|Win32
		{D72B3BA3-7DC4-42CD-8EC7-8458921BE8B6}.Debug|x64.ActiveCfg = Debug|x64
		{D72B3BA3-7DC4-42CD-8EC7-8458921BE8B6}.Debug|x64.Build.0 = Debug|x64
		{D72B3BA3-7DC4-42CD-8EC7-8458921BE8B6}.Debug|x86.ActiveCfg = Debug|Win32
		{D72B3BA3-7DC4-42CD-8EC7-8458921BE8B6}.Debug|x86.Build.0 = Debug|Win32
		{D72B3BA3-7DC4-42CD-8EC7-8458921BE8B6}.Release|x64.ActiveCfg = Release|x64
		{D72B3BA3-7DC4-42CD-8EC7-8458921BE8B6}.Release|x64.Build.0 = Release|x64
		{D72B3BA3-7DC4-42CD-8EC7-8458921BE8B6}.Release|x86.ActiveCfg = Release|Win32
		{D72B3BA3-7DC4-42CD-8EC7-8458921BE8B6}.Release|x86.Build.0 = Release|Win32
		{A7DF1A4D-675C-4CBD-AC9F-E5A91F41130E}.Debug|x64.ActiveCfg = Debug|x64
		{A7DF1A4D-675C-4CBD-AC9F-E5A91F41130E}.Debug|x64.Build.0 = Debug|x64
		{A7DF1A4D-675C-4CBD-AC9F-E5A91F41130E}.Debug|x86.ActiveCfg = Debug|Win32
		{A7DF1A4D-675C-4CBD-AC9F-E5A91F41130E}.Debug|x86.Build.0 = Debug|Win32
		{A7DF1A4D-675C-4CBD-AC9F-E5A91F41130E}.Release|x64.ActiveCfg = Release|x64
		{A7DF1A4D-675C-4CBD-AC9F-E5A91F41130E}.Release|x64.Build.0 = Release|x64
		{A7DF1A4D-675C-4CBD-AC9F-E5A91F41130E}.Release|x86.ActiveCfg = Release|Win32
		{A7DF1A4D-675C-4CBD-AC9F-E5A91F41130E}.Release|x86.Build.0 = Release|Win32
		{7F220729-D524-42E5-AE2A-F80C8519769F}.Debug|x64.ActiveCfg = Debug|x64
		{7F220729-D524-42E5-AE2A-F80C8519769F}.Debug|x64.Build.0 = Debug|x64
		{7F220729-D524-42E5-AE2A-F80C8519769F}.Debug|x86.ActiveCfg = Debug|Win32
		{7F220729-D524-42E5-AE2A-F80C8519769F}.Debug|x86.Build.0 = Debug|Win32
		{7F220729-D524-42E5-AE2A-F80C8519769F}.Release|x64.ActiveCfg = Release|x64
		{7F220729-D524-42E5-AE2A-F80C8519769F}.Release|x64.Build.0 = Release|x64
		{7F220729-D524-42E5-AE2A-F80C8519769F}.Release|x86.ActiveCfg = Release|Win32
		{7F220729-D524-42E5-AE2A-F80C8519769F}.Release|x86.Build.0 = Release|Win32
		{322790C2-50ED-439B-A2F9-B2ED02543F2A}.Debug|x64.ActiveCfg = Debug|x64
		{322790C2-50ED-439B-A2F9-B2ED02543F2A}.Debug|x64.Build.0 = Debug|x64
		{322790C2-50ED-439B-A2F9-B2ED02543F2A}.Debug|x86.ActiveCfg = Debug|Win32
		{322790C2-50ED-439B-A2F9-B2ED02543F2A}.Debug|x86.Build.0 = Debug|Win32
		{322790C2-50ED-439B-A2F9-B2ED02543F2A}.Release|x64.ActiveCfg = Release|x64
		{322790C2-50ED-439B-A2F9-B2ED02543F2A}.Release|x64.Build.0 = Release|x64
		{322790C2-50ED-439B-A2F9-B2ED02543F2A}.Release|x86.ActiveCfg = Release|Win32
		{322790C2-50ED-439B-A2F9-B2ED02543F2A}.Release|x86.Build.0 = Release|Win32
		{6799FB97-ED61-498F-BAD1-1DCB1EBFDC8B}.Debug|x64.ActiveCfg = Debug|x64
		{6799FB97-ED61-498F-BAD1-1DCB1EBFDC8B}.Debug|x64.Build.0 = Debug|x64
		{6799FB97-ED61-498F-BAD1-1DCB1EBFDC8B}.Debug|x86.ActiveCfg = Debug|Win32
		{6799FB97-ED61-498F-BAD1-1DCB1EBFDC8B}.Debug|x86.Build.0 = Debug|Win32
		{6799FB97-ED61-498F-BAD1-1DCB1EBFDC8B}.Release|x64.ActiveCfg = Release|x64
		{6799FB97-ED61-498F-BAD1-1DCB1EBFDC8B}.Release|x64.Build.0 = Release|x64
		{6799FB97-ED61-498F-BAD1-1DCB1EBFDC8B}.Release|x86.ActiveCfg = Release|Win32
		{6799FB97-ED61-498F-BAD1-1DCB1EBFDC8B}.Release|x86.Build.0 = Release|Win32
		{FF4A47F8-00DC-4F4C-9574-58F90F69A5C5}.Debug|x64.ActiveCfg = Debug|x64
		{FF4A47F8-00DC-4F4C-9574-58F90F69A5C5}.Debug|x64.Build.0 = Debug|x64
		{FF4A47F8-00DC-4F4C-9574-58F90F69A5C5}.Debug|x86.ActiveCfg = Debug|Win32
		{FF4A47F8-00DC-4F4C-9574-58F90F69A5C5}.Debug|x86.Build.0 = Debug|Win32
		{FF4A47F8-00DC-4F4C-9574-58F90F69A5C5}.Release|x64.ActiveCfg = Release|x64
		{FF4A47F8-00DC-4F4C-9574-58F90F69A5C5}.Release|x64.Build.0 = Release|x64
		{FF4A47F8-00DC-4F4C-9574-58F90F69A5C5}.Release|x86.ActiveCfg = Release|Win32
		{FF4A47F8-00DC-4F4C-9574-58F90F69A5C5}.Release|x86.Build.0 = Release|Win32
		{1DE4BCA0-8357-4D81-8BB3-6C1D128BE2B6}.Debug|x64.ActiveCfg = Debug|x64
		{1DE4BCA0-8357-4D81-8BB3-6C1D128BE2B6}.Debug|x64.Build.0 = Debug|x64
		{1DE4BCA0-8357-4D81-8BB3-6C1D128BE2B6}.Debug|x86.ActiveCfg = Debug|Win32
		{1DE4BCA0-8357-4D81-8BB3-6C1D128BE2B6}.Debug|x86.Build.0 = Debug|Win32
		{1DE4BCA0-8357-4D81-8BB3-6C1D128BE2B6}.Release|x64.ActiveCfg = Release|x64
		{1DE4BCA0-8357-4D81-8BB3-6C1D128BE2B6}.Release|x64.Build.0 = Release|x64
		{1DE4BCA0-8357-4D81-8BB3-6C1D128BE2B6}.Release|x86.ActiveCfg = Release|Win32
		{1DE4BCA0-8357-4D81-8BB3-6C1D128BE2B6}.Release|x86.Build.0 = Release|Win32
		{2B50CDF6-28A1-41B7-8220-3D14EF7CA5B0}.Debug|x64.ActiveCfg = Debug|x64
		{2B50CDF6-28A1-41B7-8220-3D14EF7CA5B0}.Debug|x64.Build.0 = Debug|x64
		{2B50CDF6-28A1-41B7-8220-3D14EF7CA5B0}.Debug|x86.ActiveCfg = Debug|Win32
		{2B50CDF6-28A1-41B7-8220-3D14EF7CA5B0}.Debug|x86.Build.0 = Debug|Win32
		{2B50CDF6-28A1-41B7-8220-3D14EF7CA5B0}.Release|x64.ActiveCfg = Release|x64
		{2B50CDF6-28A1-41B7-8220-3D14EF7CA5B0}.Release|x64.Build.0 = Release|x64
		{2B50CDF6-28A1-41B7-8220-3D14EF7CA5B0}.Release|x86.ActiveCfg = Release|Win32
		{2B50CDF6-28A1-41B7-8220-3D14EF7CA5B0}.Release|x86.Build.0 = Release|Win32
		{32E385FB-9848-4896-925C-8F2E9C4D103B}.Debug|x64.ActiveCfg = Debug|x64
		{32E385FB-9848-4896-925C-8F2E9C4D103B}.Debug|x64.Build.0 = Debug|x64
		{32E385FB-9848-4896-925C-8F2E9C4D103B}.Debug|x86.ActiveCfg = Debug|Win32
		{32E385FB-9848-4896-925C-8F2E9C4D103B}.Debug|x86.Build.0 = Debug|Win32
		{32E385FB-9848-4896-925C-8F2E9C4D103B}.Release|x64.ActiveCfg = Release|x64
		{32E385FB-9848-4896-925C-8F2E9C4D103B}.Release|x64.Build.0 = Release|x64
		{32E385FB-9848-4896-925C-8F2E9C4D103B}.Release|x86.ActiveCfg = Release|Win32
		{32E385FB-9848-4896-925C-8F2E9C4D103B}.Release|x86.Build.0 = Release|Win32
		{349D02C7-92F7-4DEC-80EB-5D7A6B9196AA}.Debug|x64.ActiveCfg = Debug|x64
		{349D02C7-92F7-4DEC-80EB-5D7A6B9196AA}.Debug|x64.Build.0 = Debug|x64
		{349D02C7-92F7-4DEC-80EB-5D7A6B9196AA}.Debug|x86.ActiveCfg = Debug|Win32
		{349D02C7-92F7-4DEC-80EB-5D7A6B9196AA}.Debug|x86.Build.0 = Debug|Win32
		{349D02C7-92F7-4DEC-80EB-5D7A6B9196AA}.Release|x64.ActiveCfg = Release|x64
		{349D02C7-92F7-4DEC-80EB-5D7A6B9196AA}.Release|x64.Build.0 = Release|x64
		{349D02C7-92F7-4DEC-80EB-5D7A6B9196AA}.Release|x86.ActiveCfg = Release|Win32
		{349D02C7-92F7-4DEC-80EB-5D7A6B9196AA}.Release|x86.Build.0 = Release|Win32
	EndGlobalSection
	GlobalSection(SolutionProperties) = preSolution
		HideSolutionNode = FALSE
	EndGlobalSection
	GlobalSection(ExtensibilityGlobals) = postSolution
		SolutionGuid = {1954E41B-E103-4606-B352-3AABADA9907C}
	EndGlobalSection
EndGlobal
